
Microsoft Visual Studio Solution File, Format Version 12.00
# Visual Studio Version 17
VisualStudioVersion = 17.5.33530.505
MinimumVisualStudioVersion = 10.0.40219.1
Project("{9A19103F-16F7-4668-BE54-9A1E7A4F7556}") = "CarRental.API", "CarRental.API.csproj", "{4C197081-FAF5-4F99-A99F-B59042A3B334}"
EndProject
Project("{9A19103F-16F7-4668-BE54-9A1E7A4F7556}") = "CarRental.Core", "..\CarRental.Core\CarRental.Core.csproj", "{550E112D-0D09-42B0-86E8-2FEB46CECBBE}"
EndProject
Project("{9A19103F-16F7-4668-BE54-9A1E7A4F7556}") = "CarRental.Infrastructure", "..\CarRental.Infrastructure\CarRental.Infrastructure.csproj", "{B0F3122D-F42A-4C5A-AA7D-6C691C3F24F4}"
EndProject
Project("{9A19103F-16F7-4668-BE54-9A1E7A4F7556}") = "CarRental.APP", "..\CarRental.APP\CarRental.APP.csproj", "{6E41150A-CF8D-42C0-9CF8-25A74808983F}"
EndProject
Project("{9A19103F-16F7-4668-BE54-9A1E7A4F7556}") = "CarRental.Tests", "..\tests\CarRental.Tests\CarRental.Tests.csproj", "{BBFFF020-EBE1-460C-879D-DDB3D941F6FE}"
EndProject
Project("{9A19103F-16F7-4668-BE54-9A1E7A4F7556}") = "CarRental.Tests.EndToEnd", "..\tests\CarRental.Tests.EndToEnd\CarRental.Tests.EndToEnd.csproj", "{3171F4A8-5629-408F-9766-07962D399D10}"
EndProject
Project("{2150E333-8FDC-42A3-9474-1A3956D46DE8}") = "tests", "tests", "{6ADEF953-7CCC-4F0A-8A80-38B7A389F2B9}"
EndProject
Project("{2150E333-8FDC-42A3-9474-1A3956D46DE8}") = "CarRental.Tests", "CarRental.Tests", "{90CA95D8-EFC1-4F36-954A-1E9B9184D365}"
EndProject
Project("{2150E333-8FDC-42A3-9474-1A3956D46DE8}") = "CarRental.Tests.EndToEnd", "CarRental.Tests.EndToEnd", "{3B3AE551-FEFE-4B00-9270-8A363326A7BF}"
EndProject
Global
	GlobalSection(SolutionConfigurationPlatforms) = preSolution
		Debug|Any CPU = Debug|Any CPU
		Release|Any CPU = Release|Any CPU
	EndGlobalSection
	GlobalSection(ProjectConfigurationPlatforms) = postSolution
		{4C197081-FAF5-4F99-A99F-B59042A3B334}.Debug|Any CPU.ActiveCfg = Debug|Any CPU
		{4C197081-FAF5-4F99-A99F-B59042A3B334}.Debug|Any CPU.Build.0 = Debug|Any CPU
		{4C197081-FAF5-4F99-A99F-B59042A3B334}.Release|Any CPU.ActiveCfg = Release|Any CPU
		{4C197081-FAF5-4F99-A99F-B59042A3B334}.Release|Any CPU.Build.0 = Release|Any CPU
		{550E112D-0D09-42B0-86E8-2FEB46CECBBE}.Debug|Any CPU.ActiveCfg = Debug|Any CPU
		{550E112D-0D09-42B0-86E8-2FEB46CECBBE}.Debug|Any CPU.Build.0 = Debug|Any CPU
		{550E112D-0D09-42B0-86E8-2FEB46CECBBE}.Release|Any CPU.ActiveCfg = Release|Any CPU
		{550E112D-0D09-42B0-86E8-2FEB46CECBBE}.Release|Any CPU.Build.0 = Release|Any CPU
		{B0F3122D-F42A-4C5A-AA7D-6C691C3F24F4}.Debug|Any CPU.ActiveCfg = Debug|Any CPU
		{B0F3122D-F42A-4C5A-AA7D-6C691C3F24F4}.Debug|Any CPU.Build.0 = Debug|Any CPU
		{B0F3122D-F42A-4C5A-AA7D-6C691C3F24F4}.Release|Any CPU.ActiveCfg = Release|Any CPU
		{B0F3122D-F42A-4C5A-AA7D-6C691C3F24F4}.Release|Any CPU.Build.0 = Release|Any CPU
		{6E41150A-CF8D-42C0-9CF8-25A74808983F}.Debug|Any CPU.ActiveCfg = Debug|Any CPU
		{6E41150A-CF8D-42C0-9CF8-25A74808983F}.Debug|Any CPU.Build.0 = Debug|Any CPU
		{6E41150A-CF8D-42C0-9CF8-25A74808983F}.Release|Any CPU.ActiveCfg = Release|Any CPU
		{6E41150A-CF8D-42C0-9CF8-25A74808983F}.Release|Any CPU.Build.0 = Release|Any CPU
		{BBFFF020-EBE1-460C-879D-DDB3D941F6FE}.Debug|Any CPU.ActiveCfg = Debug|Any CPU
		{BBFFF020-EBE1-460C-879D-DDB3D941F6FE}.Debug|Any CPU.Build.0 = Debug|Any CPU
		{BBFFF020-EBE1-460C-879D-DDB3D941F6FE}.Release|Any CPU.ActiveCfg = Release|Any CPU
		{BBFFF020-EBE1-460C-879D-DDB3D941F6FE}.Release|Any CPU.Build.0 = Release|Any CPU
		{3171F4A8-5629-408F-9766-07962D399D10}.Debug|Any CPU.ActiveCfg = Debug|Any CPU
		{3171F4A8-5629-408F-9766-07962D399D10}.Debug|Any CPU.Build.0 = Debug|Any CPU
		{3171F4A8-5629-408F-9766-07962D399D10}.Release|Any CPU.ActiveCfg = Release|Any CPU
		{3171F4A8-5629-408F-9766-07962D399D10}.Release|Any CPU.Build.0 = Release|Any CPU
	EndGlobalSection
	GlobalSection(SolutionProperties) = preSolution
		HideSolutionNode = FALSE
	EndGlobalSection
	GlobalSection(NestedProjects) = preSolution
		{BBFFF020-EBE1-460C-879D-DDB3D941F6FE} = {90CA95D8-EFC1-4F36-954A-1E9B9184D365}
		{3171F4A8-5629-408F-9766-07962D399D10} = {3B3AE551-FEFE-4B00-9270-8A363326A7BF}
		{90CA95D8-EFC1-4F36-954A-1E9B9184D365} = {6ADEF953-7CCC-4F0A-8A80-38B7A389F2B9}
		{3B3AE551-FEFE-4B00-9270-8A363326A7BF} = {6ADEF953-7CCC-4F0A-8A80-38B7A389F2B9}
	EndGlobalSection
	GlobalSection(ExtensibilityGlobals) = postSolution
		SolutionGuid = {CFCF2537-484E-4F21-8EE9-C27CFB9551C3}
	EndGlobalSection
EndGlobal
